
Microsoft Visual Studio Solution File, Format Version 12.00
# Visual Studio 15
VisualStudioVersion = 15.0.28010.2048
MinimumVisualStudioVersion = 10.0.40219.1
Project("{FAE04EC0-301F-11D3-BF4B-00C04F79EFBC}") = "Crossplatform_Whiskipe.Android", "Crossplatform_Whiskipe\Crossplatform_Whiskipe.Android\Crossplatform_Whiskipe.Android.csproj", "{F207193E-1B70-4F70-8219-617BC3779018}"
EndProject
Project("{FAE04EC0-301F-11D3-BF4B-00C04F79EFBC}") = "Crossplatform_Whiskipe.iOS", "Crossplatform_Whiskipe\Crossplatform_Whiskipe.iOS\Crossplatform_Whiskipe.iOS.csproj", "{B5419E9C-DE66-4DC4-95A1-D36AFA9C441D}"
EndProject
Project("{FAE04EC0-301F-11D3-BF4B-00C04F79EFBC}") = "Crossplatform_Whiskipe.UWP", "Crossplatform_Whiskipe\Crossplatform_Whiskipe.UWP\Crossplatform_Whiskipe.UWP.csproj", "{A4FBB7F0-A1D1-4995-B684-1D7B83ACB524}"
EndProject
Project("{9A19103F-16F7-4668-BE54-9A1E7A4F7556}") = "Crossplatform_Whiskipe", "Crossplatform_Whiskipe\Crossplatform_Whiskipe\Crossplatform_Whiskipe.csproj", "{F80B737F-9ED0-42F5-8CC7-2B2DFDC933AC}"
EndProject
Project("{FAE04EC0-301F-11D3-BF4B-00C04F79EFBC}") = "SharedViewModel", "SharedViewModel\SharedViewModel.csproj", "{F3709344-AC6F-42E4-8D5E-4C63E0F4AE1E}"
EndProject
Project("{FAE04EC0-301F-11D3-BF4B-00C04F79EFBC}") = "WhiskipeTests", "WhiskipeTests\WhiskipeTests.csproj", "{B19C892E-2628-4CA7-AD27-08D406A3B14B}"
EndProject
Project("{FAE04EC0-301F-11D3-BF4B-00C04F79EFBC}") = "Avalonia_Whiskipe", "Avalonia_Whiskipe\Avalonia_Whiskipe.csproj", "{84C16385-6005-4C0C-AC3F-EBA883F4B8EA}"
EndProject
Project("{FAE04EC0-301F-11D3-BF4B-00C04F79EFBC}") = "Ooui_Whiskipe", "Ooui_Whiskipe\Ooui_Whiskipe.csproj", "{03C6D6FB-DDF7-4C2E-AB32-0A593D0E46C3}"
EndProject
Project("{FAE04EC0-301F-11D3-BF4B-00C04F79EFBC}") = "WpfApp_Whiskipe", "WpfApp_Whiskipe\WpfApp_Whiskipe.csproj", "{80676A2A-00C5-4758-91D2-666764312A5A}"
EndProject
Global
	GlobalSection(SolutionConfigurationPlatforms) = preSolution
		Ad-Hoc|Any CPU = Ad-Hoc|Any CPU
		Ad-Hoc|ARM = Ad-Hoc|ARM
		Ad-Hoc|iPhone = Ad-Hoc|iPhone
		Ad-Hoc|iPhoneSimulator = Ad-Hoc|iPhoneSimulator
		Ad-Hoc|x64 = Ad-Hoc|x64
		Ad-Hoc|x86 = Ad-Hoc|x86
		AppStore|Any CPU = AppStore|Any CPU
		AppStore|ARM = AppStore|ARM
		AppStore|iPhone = AppStore|iPhone
		AppStore|iPhoneSimulator = AppStore|iPhoneSimulator
		AppStore|x64 = AppStore|x64
		AppStore|x86 = AppStore|x86
		Debug|Any CPU = Debug|Any CPU
		Debug|ARM = Debug|ARM
		Debug|iPhone = Debug|iPhone
		Debug|iPhoneSimulator = Debug|iPhoneSimulator
		Debug|x64 = Debug|x64
		Debug|x86 = Debug|x86
		Release|Any CPU = Release|Any CPU
		Release|ARM = Release|ARM
		Release|iPhone = Release|iPhone
		Release|iPhoneSimulator = Release|iPhoneSimulator
		Release|x64 = Release|x64
		Release|x86 = Release|x86
	EndGlobalSection
	GlobalSection(ProjectConfigurationPlatforms) = postSolution
		{F207193E-1B70-4F70-8219-617BC3779018}.Ad-Hoc|Any CPU.ActiveCfg = Release|Any CPU
		{F207193E-1B70-4F70-8219-617BC3779018}.Ad-Hoc|Any CPU.Build.0 = Release|Any CPU
		{F207193E-1B70-4F70-8219-617BC3779018}.Ad-Hoc|Any CPU.Deploy.0 = Release|Any CPU
		{F207193E-1B70-4F70-8219-617BC3779018}.Ad-Hoc|ARM.ActiveCfg = Release|Any CPU
		{F207193E-1B70-4F70-8219-617BC3779018}.Ad-Hoc|ARM.Build.0 = Release|Any CPU
		{F207193E-1B70-4F70-8219-617BC3779018}.Ad-Hoc|ARM.Deploy.0 = Release|Any CPU
		{F207193E-1B70-4F70-8219-617BC3779018}.Ad-Hoc|iPhone.ActiveCfg = Release|Any CPU
		{F207193E-1B70-4F70-8219-617BC3779018}.Ad-Hoc|iPhone.Build.0 = Release|Any CPU
		{F207193E-1B70-4F70-8219-617BC3779018}.Ad-Hoc|iPhone.Deploy.0 = Release|Any CPU
		{F207193E-1B70-4F70-8219-617BC3779018}.Ad-Hoc|iPhoneSimulator.ActiveCfg = Release|Any CPU
		{F207193E-1B70-4F70-8219-617BC3779018}.Ad-Hoc|iPhoneSimulator.Build.0 = Release|Any CPU
		{F207193E-1B70-4F70-8219-617BC3779018}.Ad-Hoc|iPhoneSimulator.Deploy.0 = Release|Any CPU
		{F207193E-1B70-4F70-8219-617BC3779018}.Ad-Hoc|x64.ActiveCfg = Release|Any CPU
		{F207193E-1B70-4F70-8219-617BC3779018}.Ad-Hoc|x64.Build.0 = Release|Any CPU
		{F207193E-1B70-4F70-8219-617BC3779018}.Ad-Hoc|x64.Deploy.0 = Release|Any CPU
		{F207193E-1B70-4F70-8219-617BC3779018}.Ad-Hoc|x86.ActiveCfg = Release|Any CPU
		{F207193E-1B70-4F70-8219-617BC3779018}.Ad-Hoc|x86.Build.0 = Release|Any CPU
		{F207193E-1B70-4F70-8219-617BC3779018}.Ad-Hoc|x86.Deploy.0 = Release|Any CPU
		{F207193E-1B70-4F70-8219-617BC3779018}.AppStore|Any CPU.ActiveCfg = Release|Any CPU
		{F207193E-1B70-4F70-8219-617BC3779018}.AppStore|Any CPU.Build.0 = Release|Any CPU
		{F207193E-1B70-4F70-8219-617BC3779018}.AppStore|Any CPU.Deploy.0 = Release|Any CPU
		{F207193E-1B70-4F70-8219-617BC3779018}.AppStore|ARM.ActiveCfg = Release|Any CPU
		{F207193E-1B70-4F70-8219-617BC3779018}.AppStore|ARM.Build.0 = Release|Any CPU
		{F207193E-1B70-4F70-8219-617BC3779018}.AppStore|ARM.Deploy.0 = Release|Any CPU
		{F207193E-1B70-4F70-8219-617BC3779018}.AppStore|iPhone.ActiveCfg = Release|Any CPU
		{F207193E-1B70-4F70-8219-617BC3779018}.AppStore|iPhone.Build.0 = Release|Any CPU
		{F207193E-1B70-4F70-8219-617BC3779018}.AppStore|iPhone.Deploy.0 = Release|Any CPU
		{F207193E-1B70-4F70-8219-617BC3779018}.AppStore|iPhoneSimulator.ActiveCfg = Release|Any CPU
		{F207193E-1B70-4F70-8219-617BC3779018}.AppStore|iPhoneSimulator.Build.0 = Release|Any CPU
		{F207193E-1B70-4F70-8219-617BC3779018}.AppStore|iPhoneSimulator.Deploy.0 = Release|Any CPU
		{F207193E-1B70-4F70-8219-617BC3779018}.AppStore|x64.ActiveCfg = Release|Any CPU
		{F207193E-1B70-4F70-8219-617BC3779018}.AppStore|x64.Build.0 = Release|Any CPU
		{F207193E-1B70-4F70-8219-617BC3779018}.AppStore|x64.Deploy.0 = Release|Any CPU
		{F207193E-1B70-4F70-8219-617BC3779018}.AppStore|x86.ActiveCfg = Release|Any CPU
		{F207193E-1B70-4F70-8219-617BC3779018}.AppStore|x86.Build.0 = Release|Any CPU
		{F207193E-1B70-4F70-8219-617BC3779018}.AppStore|x86.Deploy.0 = Release|Any CPU
		{F207193E-1B70-4F70-8219-617BC3779018}.Debug|Any CPU.ActiveCfg = Debug|Any CPU
		{F207193E-1B70-4F70-8219-617BC3779018}.Debug|Any CPU.Build.0 = Debug|Any CPU
		{F207193E-1B70-4F70-8219-617BC3779018}.Debug|Any CPU.Deploy.0 = Debug|Any CPU
		{F207193E-1B70-4F70-8219-617BC3779018}.Debug|ARM.ActiveCfg = Debug|Any CPU
		{F207193E-1B70-4F70-8219-617BC3779018}.Debug|ARM.Build.0 = Debug|Any CPU
		{F207193E-1B70-4F70-8219-617BC3779018}.Debug|ARM.Deploy.0 = Debug|Any CPU
		{F207193E-1B70-4F70-8219-617BC3779018}.Debug|iPhone.ActiveCfg = Debug|Any CPU
		{F207193E-1B70-4F70-8219-617BC3779018}.Debug|iPhone.Build.0 = Debug|Any CPU
		{F207193E-1B70-4F70-8219-617BC3779018}.Debug|iPhone.Deploy.0 = Debug|Any CPU
		{F207193E-1B70-4F70-8219-617BC3779018}.Debug|iPhoneSimulator.ActiveCfg = Debug|Any CPU
		{F207193E-1B70-4F70-8219-617BC3779018}.Debug|iPhoneSimulator.Build.0 = Debug|Any CPU
		{F207193E-1B70-4F70-8219-617BC3779018}.Debug|iPhoneSimulator.Deploy.0 = Debug|Any CPU
		{F207193E-1B70-4F70-8219-617BC3779018}.Debug|x64.ActiveCfg = Debug|Any CPU
		{F207193E-1B70-4F70-8219-617BC3779018}.Debug|x64.Build.0 = Debug|Any CPU
		{F207193E-1B70-4F70-8219-617BC3779018}.Debug|x64.Deploy.0 = Debug|Any CPU
		{F207193E-1B70-4F70-8219-617BC3779018}.Debug|x86.ActiveCfg = Debug|Any CPU
		{F207193E-1B70-4F70-8219-617BC3779018}.Debug|x86.Build.0 = Debug|Any CPU
		{F207193E-1B70-4F70-8219-617BC3779018}.Debug|x86.Deploy.0 = Debug|Any CPU
		{F207193E-1B70-4F70-8219-617BC3779018}.Release|Any CPU.ActiveCfg = Release|Any CPU
		{F207193E-1B70-4F70-8219-617BC3779018}.Release|Any CPU.Build.0 = Release|Any CPU
		{F207193E-1B70-4F70-8219-617BC3779018}.Release|Any CPU.Deploy.0 = Release|Any CPU
		{F207193E-1B70-4F70-8219-617BC3779018}.Release|ARM.ActiveCfg = Release|Any CPU
		{F207193E-1B70-4F70-8219-617BC3779018}.Release|ARM.Build.0 = Release|Any CPU
		{F207193E-1B70-4F70-8219-617BC3779018}.Release|ARM.Deploy.0 = Release|Any CPU
		{F207193E-1B70-4F70-8219-617BC3779018}.Release|iPhone.ActiveCfg = Release|Any CPU
		{F207193E-1B70-4F70-8219-617BC3779018}.Release|iPhone.Build.0 = Release|Any CPU
		{F207193E-1B70-4F70-8219-617BC3779018}.Release|iPhone.Deploy.0 = Release|Any CPU
		{F207193E-1B70-4F70-8219-617BC3779018}.Release|iPhoneSimulator.ActiveCfg = Release|Any CPU
		{F207193E-1B70-4F70-8219-617BC3779018}.Release|iPhoneSimulator.Build.0 = Release|Any CPU
		{F207193E-1B70-4F70-8219-617BC3779018}.Release|iPhoneSimulator.Deploy.0 = Release|Any CPU
		{F207193E-1B70-4F70-8219-617BC3779018}.Release|x64.ActiveCfg = Release|Any CPU
		{F207193E-1B70-4F70-8219-617BC3779018}.Release|x64.Build.0 = Release|Any CPU
		{F207193E-1B70-4F70-8219-617BC3779018}.Release|x64.Deploy.0 = Release|Any CPU
		{F207193E-1B70-4F70-8219-617BC3779018}.Release|x86.ActiveCfg = Release|Any CPU
		{F207193E-1B70-4F70-8219-617BC3779018}.Release|x86.Build.0 = Release|Any CPU
		{F207193E-1B70-4F70-8219-617BC3779018}.Release|x86.Deploy.0 = Release|Any CPU
		{B5419E9C-DE66-4DC4-95A1-D36AFA9C441D}.Ad-Hoc|Any CPU.ActiveCfg = Ad-Hoc|iPhone
		{B5419E9C-DE66-4DC4-95A1-D36AFA9C441D}.Ad-Hoc|Any CPU.Build.0 = Ad-Hoc|iPhone
		{B5419E9C-DE66-4DC4-95A1-D36AFA9C441D}.Ad-Hoc|Any CPU.Deploy.0 = Ad-Hoc|iPhone
		{B5419E9C-DE66-4DC4-95A1-D36AFA9C441D}.Ad-Hoc|ARM.ActiveCfg = Ad-Hoc|iPhone
		{B5419E9C-DE66-4DC4-95A1-D36AFA9C441D}.Ad-Hoc|ARM.Build.0 = Ad-Hoc|iPhone
		{B5419E9C-DE66-4DC4-95A1-D36AFA9C441D}.Ad-Hoc|ARM.Deploy.0 = Ad-Hoc|iPhone
		{B5419E9C-DE66-4DC4-95A1-D36AFA9C441D}.Ad-Hoc|iPhone.ActiveCfg = Ad-Hoc|iPhone
		{B5419E9C-DE66-4DC4-95A1-D36AFA9C441D}.Ad-Hoc|iPhone.Build.0 = Ad-Hoc|iPhone
		{B5419E9C-DE66-4DC4-95A1-D36AFA9C441D}.Ad-Hoc|iPhone.Deploy.0 = Ad-Hoc|iPhone
		{B5419E9C-DE66-4DC4-95A1-D36AFA9C441D}.Ad-Hoc|iPhoneSimulator.ActiveCfg = Ad-Hoc|iPhoneSimulator
		{B5419E9C-DE66-4DC4-95A1-D36AFA9C441D}.Ad-Hoc|iPhoneSimulator.Build.0 = Ad-Hoc|iPhoneSimulator
		{B5419E9C-DE66-4DC4-95A1-D36AFA9C441D}.Ad-Hoc|iPhoneSimulator.Deploy.0 = Ad-Hoc|iPhoneSimulator
		{B5419E9C-DE66-4DC4-95A1-D36AFA9C441D}.Ad-Hoc|x64.ActiveCfg = Ad-Hoc|iPhone
		{B5419E9C-DE66-4DC4-95A1-D36AFA9C441D}.Ad-Hoc|x64.Build.0 = Ad-Hoc|iPhone
		{B5419E9C-DE66-4DC4-95A1-D36AFA9C441D}.Ad-Hoc|x64.Deploy.0 = Ad-Hoc|iPhone
		{B5419E9C-DE66-4DC4-95A1-D36AFA9C441D}.Ad-Hoc|x86.ActiveCfg = Ad-Hoc|iPhone
		{B5419E9C-DE66-4DC4-95A1-D36AFA9C441D}.Ad-Hoc|x86.Build.0 = Ad-Hoc|iPhone
		{B5419E9C-DE66-4DC4-95A1-D36AFA9C441D}.Ad-Hoc|x86.Deploy.0 = Ad-Hoc|iPhone
		{B5419E9C-DE66-4DC4-95A1-D36AFA9C441D}.AppStore|Any CPU.ActiveCfg = AppStore|iPhone
		{B5419E9C-DE66-4DC4-95A1-D36AFA9C441D}.AppStore|Any CPU.Build.0 = AppStore|iPhone
		{B5419E9C-DE66-4DC4-95A1-D36AFA9C441D}.AppStore|Any CPU.Deploy.0 = AppStore|iPhone
		{B5419E9C-DE66-4DC4-95A1-D36AFA9C441D}.AppStore|ARM.ActiveCfg = AppStore|iPhone
		{B5419E9C-DE66-4DC4-95A1-D36AFA9C441D}.AppStore|ARM.Build.0 = AppStore|iPhone
		{B5419E9C-DE66-4DC4-95A1-D36AFA9C441D}.AppStore|ARM.Deploy.0 = AppStore|iPhone
		{B5419E9C-DE66-4DC4-95A1-D36AFA9C441D}.AppStore|iPhone.ActiveCfg = AppStore|iPhone
		{B5419E9C-DE66-4DC4-95A1-D36AFA9C441D}.AppStore|iPhone.Build.0 = AppStore|iPhone
		{B5419E9C-DE66-4DC4-95A1-D36AFA9C441D}.AppStore|iPhone.Deploy.0 = AppStore|iPhone
		{B5419E9C-DE66-4DC4-95A1-D36AFA9C441D}.AppStore|iPhoneSimulator.ActiveCfg = AppStore|iPhoneSimulator
		{B5419E9C-DE66-4DC4-95A1-D36AFA9C441D}.AppStore|iPhoneSimulator.Build.0 = AppStore|iPhoneSimulator
		{B5419E9C-DE66-4DC4-95A1-D36AFA9C441D}.AppStore|iPhoneSimulator.Deploy.0 = AppStore|iPhoneSimulator
		{B5419E9C-DE66-4DC4-95A1-D36AFA9C441D}.AppStore|x64.ActiveCfg = AppStore|iPhone
		{B5419E9C-DE66-4DC4-95A1-D36AFA9C441D}.AppStore|x64.Build.0 = AppStore|iPhone
		{B5419E9C-DE66-4DC4-95A1-D36AFA9C441D}.AppStore|x64.Deploy.0 = AppStore|iPhone
		{B5419E9C-DE66-4DC4-95A1-D36AFA9C441D}.AppStore|x86.ActiveCfg = AppStore|iPhone
		{B5419E9C-DE66-4DC4-95A1-D36AFA9C441D}.AppStore|x86.Build.0 = AppStore|iPhone
		{B5419E9C-DE66-4DC4-95A1-D36AFA9C441D}.AppStore|x86.Deploy.0 = AppStore|iPhone
		{B5419E9C-DE66-4DC4-95A1-D36AFA9C441D}.Debug|Any CPU.ActiveCfg = Debug|iPhoneSimulator
		{B5419E9C-DE66-4DC4-95A1-D36AFA9C441D}.Debug|Any CPU.Build.0 = Debug|iPhoneSimulator
		{B5419E9C-DE66-4DC4-95A1-D36AFA9C441D}.Debug|Any CPU.Deploy.0 = Debug|iPhoneSimulator
		{B5419E9C-DE66-4DC4-95A1-D36AFA9C441D}.Debug|ARM.ActiveCfg = Debug|iPhone
		{B5419E9C-DE66-4DC4-95A1-D36AFA9C441D}.Debug|ARM.Build.0 = Debug|iPhone
		{B5419E9C-DE66-4DC4-95A1-D36AFA9C441D}.Debug|ARM.Deploy.0 = Debug|iPhone
		{B5419E9C-DE66-4DC4-95A1-D36AFA9C441D}.Debug|iPhone.ActiveCfg = Debug|iPhone
		{B5419E9C-DE66-4DC4-95A1-D36AFA9C441D}.Debug|iPhone.Build.0 = Debug|iPhone
		{B5419E9C-DE66-4DC4-95A1-D36AFA9C441D}.Debug|iPhone.Deploy.0 = Debug|iPhone
		{B5419E9C-DE66-4DC4-95A1-D36AFA9C441D}.Debug|iPhoneSimulator.ActiveCfg = Debug|iPhoneSimulator
		{B5419E9C-DE66-4DC4-95A1-D36AFA9C441D}.Debug|iPhoneSimulator.Build.0 = Debug|iPhoneSimulator
		{B5419E9C-DE66-4DC4-95A1-D36AFA9C441D}.Debug|iPhoneSimulator.Deploy.0 = Debug|iPhoneSimulator
		{B5419E9C-DE66-4DC4-95A1-D36AFA9C441D}.Debug|x64.ActiveCfg = Debug|iPhone
		{B5419E9C-DE66-4DC4-95A1-D36AFA9C441D}.Debug|x64.Build.0 = Debug|iPhone
		{B5419E9C-DE66-4DC4-95A1-D36AFA9C441D}.Debug|x64.Deploy.0 = Debug|iPhone
		{B5419E9C-DE66-4DC4-95A1-D36AFA9C441D}.Debug|x86.ActiveCfg = Debug|iPhone
		{B5419E9C-DE66-4DC4-95A1-D36AFA9C441D}.Debug|x86.Build.0 = Debug|iPhone
		{B5419E9C-DE66-4DC4-95A1-D36AFA9C441D}.Debug|x86.Deploy.0 = Debug|iPhone
		{B5419E9C-DE66-4DC4-95A1-D36AFA9C441D}.Release|Any CPU.ActiveCfg = Release|iPhone
		{B5419E9C-DE66-4DC4-95A1-D36AFA9C441D}.Release|Any CPU.Build.0 = Release|iPhone
		{B5419E9C-DE66-4DC4-95A1-D36AFA9C441D}.Release|Any CPU.Deploy.0 = Release|iPhone
		{B5419E9C-DE66-4DC4-95A1-D36AFA9C441D}.Release|ARM.ActiveCfg = Release|iPhone
		{B5419E9C-DE66-4DC4-95A1-D36AFA9C441D}.Release|ARM.Build.0 = Release|iPhone
		{B5419E9C-DE66-4DC4-95A1-D36AFA9C441D}.Release|ARM.Deploy.0 = Release|iPhone
		{B5419E9C-DE66-4DC4-95A1-D36AFA9C441D}.Release|iPhone.ActiveCfg = Release|iPhone
		{B5419E9C-DE66-4DC4-95A1-D36AFA9C441D}.Release|iPhone.Build.0 = Release|iPhone
		{B5419E9C-DE66-4DC4-95A1-D36AFA9C441D}.Release|iPhone.Deploy.0 = Release|iPhone
		{B5419E9C-DE66-4DC4-95A1-D36AFA9C441D}.Release|iPhoneSimulator.ActiveCfg = Release|iPhoneSimulator
		{B5419E9C-DE66-4DC4-95A1-D36AFA9C441D}.Release|iPhoneSimulator.Build.0 = Release|iPhoneSimulator
		{B5419E9C-DE66-4DC4-95A1-D36AFA9C441D}.Release|iPhoneSimulator.Deploy.0 = Release|iPhoneSimulator
		{B5419E9C-DE66-4DC4-95A1-D36AFA9C441D}.Release|x64.ActiveCfg = Release|iPhone
		{B5419E9C-DE66-4DC4-95A1-D36AFA9C441D}.Release|x64.Build.0 = Release|iPhone
		{B5419E9C-DE66-4DC4-95A1-D36AFA9C441D}.Release|x64.Deploy.0 = Release|iPhone
		{B5419E9C-DE66-4DC4-95A1-D36AFA9C441D}.Release|x86.ActiveCfg = Release|iPhone
		{B5419E9C-DE66-4DC4-95A1-D36AFA9C441D}.Release|x86.Build.0 = Release|iPhone
		{B5419E9C-DE66-4DC4-95A1-D36AFA9C441D}.Release|x86.Deploy.0 = Release|iPhone
		{A4FBB7F0-A1D1-4995-B684-1D7B83ACB524}.Ad-Hoc|Any CPU.ActiveCfg = Release|x86
		{A4FBB7F0-A1D1-4995-B684-1D7B83ACB524}.Ad-Hoc|Any CPU.Build.0 = Release|x86
		{A4FBB7F0-A1D1-4995-B684-1D7B83ACB524}.Ad-Hoc|Any CPU.Deploy.0 = Release|x86
		{A4FBB7F0-A1D1-4995-B684-1D7B83ACB524}.Ad-Hoc|ARM.ActiveCfg = Release|ARM
		{A4FBB7F0-A1D1-4995-B684-1D7B83ACB524}.Ad-Hoc|ARM.Build.0 = Release|ARM
		{A4FBB7F0-A1D1-4995-B684-1D7B83ACB524}.Ad-Hoc|ARM.Deploy.0 = Release|ARM
		{A4FBB7F0-A1D1-4995-B684-1D7B83ACB524}.Ad-Hoc|iPhone.ActiveCfg = Release|x86
		{A4FBB7F0-A1D1-4995-B684-1D7B83ACB524}.Ad-Hoc|iPhone.Build.0 = Release|x86
		{A4FBB7F0-A1D1-4995-B684-1D7B83ACB524}.Ad-Hoc|iPhone.Deploy.0 = Release|x86
		{A4FBB7F0-A1D1-4995-B684-1D7B83ACB524}.Ad-Hoc|iPhoneSimulator.ActiveCfg = Release|x86
		{A4FBB7F0-A1D1-4995-B684-1D7B83ACB524}.Ad-Hoc|iPhoneSimulator.Build.0 = Release|x86
		{A4FBB7F0-A1D1-4995-B684-1D7B83ACB524}.Ad-Hoc|iPhoneSimulator.Deploy.0 = Release|x86
		{A4FBB7F0-A1D1-4995-B684-1D7B83ACB524}.Ad-Hoc|x64.ActiveCfg = Release|x64
		{A4FBB7F0-A1D1-4995-B684-1D7B83ACB524}.Ad-Hoc|x64.Build.0 = Release|x64
		{A4FBB7F0-A1D1-4995-B684-1D7B83ACB524}.Ad-Hoc|x64.Deploy.0 = Release|x64
		{A4FBB7F0-A1D1-4995-B684-1D7B83ACB524}.Ad-Hoc|x86.ActiveCfg = Release|x86
		{A4FBB7F0-A1D1-4995-B684-1D7B83ACB524}.Ad-Hoc|x86.Build.0 = Release|x86
		{A4FBB7F0-A1D1-4995-B684-1D7B83ACB524}.Ad-Hoc|x86.Deploy.0 = Release|x86
		{A4FBB7F0-A1D1-4995-B684-1D7B83ACB524}.AppStore|Any CPU.ActiveCfg = Release|x86
		{A4FBB7F0-A1D1-4995-B684-1D7B83ACB524}.AppStore|Any CPU.Build.0 = Release|x86
		{A4FBB7F0-A1D1-4995-B684-1D7B83ACB524}.AppStore|Any CPU.Deploy.0 = Release|x86
		{A4FBB7F0-A1D1-4995-B684-1D7B83ACB524}.AppStore|ARM.ActiveCfg = Release|ARM
		{A4FBB7F0-A1D1-4995-B684-1D7B83ACB524}.AppStore|ARM.Build.0 = Release|ARM
		{A4FBB7F0-A1D1-4995-B684-1D7B83ACB524}.AppStore|ARM.Deploy.0 = Release|ARM
		{A4FBB7F0-A1D1-4995-B684-1D7B83ACB524}.AppStore|iPhone.ActiveCfg = Release|x86
		{A4FBB7F0-A1D1-4995-B684-1D7B83ACB524}.AppStore|iPhone.Build.0 = Release|x86
		{A4FBB7F0-A1D1-4995-B684-1D7B83ACB524}.AppStore|iPhone.Deploy.0 = Release|x86
		{A4FBB7F0-A1D1-4995-B684-1D7B83ACB524}.AppStore|iPhoneSimulator.ActiveCfg = Release|x86
		{A4FBB7F0-A1D1-4995-B684-1D7B83ACB524}.AppStore|iPhoneSimulator.Build.0 = Release|x86
		{A4FBB7F0-A1D1-4995-B684-1D7B83ACB524}.AppStore|iPhoneSimulator.Deploy.0 = Release|x86
		{A4FBB7F0-A1D1-4995-B684-1D7B83ACB524}.AppStore|x64.ActiveCfg = Release|x64
		{A4FBB7F0-A1D1-4995-B684-1D7B83ACB524}.AppStore|x64.Build.0 = Release|x64
		{A4FBB7F0-A1D1-4995-B684-1D7B83ACB524}.AppStore|x64.Deploy.0 = Release|x64
		{A4FBB7F0-A1D1-4995-B684-1D7B83ACB524}.AppStore|x86.ActiveCfg = Release|x86
		{A4FBB7F0-A1D1-4995-B684-1D7B83ACB524}.AppStore|x86.Build.0 = Release|x86
		{A4FBB7F0-A1D1-4995-B684-1D7B83ACB524}.AppStore|x86.Deploy.0 = Release|x86
		{A4FBB7F0-A1D1-4995-B684-1D7B83ACB524}.Debug|Any CPU.ActiveCfg = Debug|x86
		{A4FBB7F0-A1D1-4995-B684-1D7B83ACB524}.Debug|Any CPU.Build.0 = Debug|x86
		{A4FBB7F0-A1D1-4995-B684-1D7B83ACB524}.Debug|Any CPU.Deploy.0 = Debug|x86
		{A4FBB7F0-A1D1-4995-B684-1D7B83ACB524}.Debug|ARM.ActiveCfg = Debug|ARM
		{A4FBB7F0-A1D1-4995-B684-1D7B83ACB524}.Debug|ARM.Build.0 = Debug|ARM
		{A4FBB7F0-A1D1-4995-B684-1D7B83ACB524}.Debug|ARM.Deploy.0 = Debug|ARM
		{A4FBB7F0-A1D1-4995-B684-1D7B83ACB524}.Debug|iPhone.ActiveCfg = Debug|x86
		{A4FBB7F0-A1D1-4995-B684-1D7B83ACB524}.Debug|iPhone.Build.0 = Debug|x86
		{A4FBB7F0-A1D1-4995-B684-1D7B83ACB524}.Debug|iPhone.Deploy.0 = Debug|x86
		{A4FBB7F0-A1D1-4995-B684-1D7B83ACB524}.Debug|iPhoneSimulator.ActiveCfg = Debug|x86
		{A4FBB7F0-A1D1-4995-B684-1D7B83ACB524}.Debug|iPhoneSimulator.Build.0 = Debug|x86
		{A4FBB7F0-A1D1-4995-B684-1D7B83ACB524}.Debug|iPhoneSimulator.Deploy.0 = Debug|x86
		{A4FBB7F0-A1D1-4995-B684-1D7B83ACB524}.Debug|x64.ActiveCfg = Debug|x64
		{A4FBB7F0-A1D1-4995-B684-1D7B83ACB524}.Debug|x64.Build.0 = Debug|x64
		{A4FBB7F0-A1D1-4995-B684-1D7B83ACB524}.Debug|x64.Deploy.0 = Debug|x64
		{A4FBB7F0-A1D1-4995-B684-1D7B83ACB524}.Debug|x86.ActiveCfg = Debug|x86
		{A4FBB7F0-A1D1-4995-B684-1D7B83ACB524}.Debug|x86.Build.0 = Debug|x86
		{A4FBB7F0-A1D1-4995-B684-1D7B83ACB524}.Debug|x86.Deploy.0 = Debug|x86
		{A4FBB7F0-A1D1-4995-B684-1D7B83ACB524}.Release|Any CPU.ActiveCfg = Release|x86
		{A4FBB7F0-A1D1-4995-B684-1D7B83ACB524}.Release|Any CPU.Build.0 = Release|x86
		{A4FBB7F0-A1D1-4995-B684-1D7B83ACB524}.Release|Any CPU.Deploy.0 = Release|x86
		{A4FBB7F0-A1D1-4995-B684-1D7B83ACB524}.Release|ARM.ActiveCfg = Release|ARM
		{A4FBB7F0-A1D1-4995-B684-1D7B83ACB524}.Release|ARM.Build.0 = Release|ARM
		{A4FBB7F0-A1D1-4995-B684-1D7B83ACB524}.Release|ARM.Deploy.0 = Release|ARM
		{A4FBB7F0-A1D1-4995-B684-1D7B83ACB524}.Release|iPhone.ActiveCfg = Release|x86
		{A4FBB7F0-A1D1-4995-B684-1D7B83ACB524}.Release|iPhone.Build.0 = Release|x86
		{A4FBB7F0-A1D1-4995-B684-1D7B83ACB524}.Release|iPhone.Deploy.0 = Release|x86
		{A4FBB7F0-A1D1-4995-B684-1D7B83ACB524}.Release|iPhoneSimulator.ActiveCfg = Release|x86
		{A4FBB7F0-A1D1-4995-B684-1D7B83ACB524}.Release|iPhoneSimulator.Build.0 = Release|x86
		{A4FBB7F0-A1D1-4995-B684-1D7B83ACB524}.Release|iPhoneSimulator.Deploy.0 = Release|x86
		{A4FBB7F0-A1D1-4995-B684-1D7B83ACB524}.Release|x64.ActiveCfg = Release|x64
		{A4FBB7F0-A1D1-4995-B684-1D7B83ACB524}.Release|x64.Build.0 = Release|x64
		{A4FBB7F0-A1D1-4995-B684-1D7B83ACB524}.Release|x64.Deploy.0 = Release|x64
		{A4FBB7F0-A1D1-4995-B684-1D7B83ACB524}.Release|x86.ActiveCfg = Release|x86
		{A4FBB7F0-A1D1-4995-B684-1D7B83ACB524}.Release|x86.Build.0 = Release|x86
		{A4FBB7F0-A1D1-4995-B684-1D7B83ACB524}.Release|x86.Deploy.0 = Release|x86
		{F80B737F-9ED0-42F5-8CC7-2B2DFDC933AC}.Ad-Hoc|Any CPU.ActiveCfg = Debug|Any CPU
		{F80B737F-9ED0-42F5-8CC7-2B2DFDC933AC}.Ad-Hoc|Any CPU.Build.0 = Debug|Any CPU
		{F80B737F-9ED0-42F5-8CC7-2B2DFDC933AC}.Ad-Hoc|Any CPU.Deploy.0 = Debug|Any CPU
		{F80B737F-9ED0-42F5-8CC7-2B2DFDC933AC}.Ad-Hoc|ARM.ActiveCfg = Debug|Any CPU
		{F80B737F-9ED0-42F5-8CC7-2B2DFDC933AC}.Ad-Hoc|ARM.Build.0 = Debug|Any CPU
		{F80B737F-9ED0-42F5-8CC7-2B2DFDC933AC}.Ad-Hoc|ARM.Deploy.0 = Debug|Any CPU
		{F80B737F-9ED0-42F5-8CC7-2B2DFDC933AC}.Ad-Hoc|iPhone.ActiveCfg = Debug|Any CPU
		{F80B737F-9ED0-42F5-8CC7-2B2DFDC933AC}.Ad-Hoc|iPhone.Build.0 = Debug|Any CPU
		{F80B737F-9ED0-42F5-8CC7-2B2DFDC933AC}.Ad-Hoc|iPhone.Deploy.0 = Debug|Any CPU
		{F80B737F-9ED0-42F5-8CC7-2B2DFDC933AC}.Ad-Hoc|iPhoneSimulator.ActiveCfg = Debug|Any CPU
		{F80B737F-9ED0-42F5-8CC7-2B2DFDC933AC}.Ad-Hoc|iPhoneSimulator.Build.0 = Debug|Any CPU
		{F80B737F-9ED0-42F5-8CC7-2B2DFDC933AC}.Ad-Hoc|iPhoneSimulator.Deploy.0 = Debug|Any CPU
		{F80B737F-9ED0-42F5-8CC7-2B2DFDC933AC}.Ad-Hoc|x64.ActiveCfg = Debug|Any CPU
		{F80B737F-9ED0-42F5-8CC7-2B2DFDC933AC}.Ad-Hoc|x64.Build.0 = Debug|Any CPU
		{F80B737F-9ED0-42F5-8CC7-2B2DFDC933AC}.Ad-Hoc|x64.Deploy.0 = Debug|Any CPU
		{F80B737F-9ED0-42F5-8CC7-2B2DFDC933AC}.Ad-Hoc|x86.ActiveCfg = Debug|Any CPU
		{F80B737F-9ED0-42F5-8CC7-2B2DFDC933AC}.Ad-Hoc|x86.Build.0 = Debug|Any CPU
		{F80B737F-9ED0-42F5-8CC7-2B2DFDC933AC}.Ad-Hoc|x86.Deploy.0 = Debug|Any CPU
		{F80B737F-9ED0-42F5-8CC7-2B2DFDC933AC}.AppStore|Any CPU.ActiveCfg = Debug|Any CPU
		{F80B737F-9ED0-42F5-8CC7-2B2DFDC933AC}.AppStore|Any CPU.Build.0 = Debug|Any CPU
		{F80B737F-9ED0-42F5-8CC7-2B2DFDC933AC}.AppStore|Any CPU.Deploy.0 = Debug|Any CPU
		{F80B737F-9ED0-42F5-8CC7-2B2DFDC933AC}.AppStore|ARM.ActiveCfg = Debug|Any CPU
		{F80B737F-9ED0-42F5-8CC7-2B2DFDC933AC}.AppStore|ARM.Build.0 = Debug|Any CPU
		{F80B737F-9ED0-42F5-8CC7-2B2DFDC933AC}.AppStore|ARM.Deploy.0 = Debug|Any CPU
		{F80B737F-9ED0-42F5-8CC7-2B2DFDC933AC}.AppStore|iPhone.ActiveCfg = Debug|Any CPU
		{F80B737F-9ED0-42F5-8CC7-2B2DFDC933AC}.AppStore|iPhone.Build.0 = Debug|Any CPU
		{F80B737F-9ED0-42F5-8CC7-2B2DFDC933AC}.AppStore|iPhone.Deploy.0 = Debug|Any CPU
		{F80B737F-9ED0-42F5-8CC7-2B2DFDC933AC}.AppStore|iPhoneSimulator.ActiveCfg = Debug|Any CPU
		{F80B737F-9ED0-42F5-8CC7-2B2DFDC933AC}.AppStore|iPhoneSimulator.Build.0 = Debug|Any CPU
		{F80B737F-9ED0-42F5-8CC7-2B2DFDC933AC}.AppStore|iPhoneSimulator.Deploy.0 = Debug|Any CPU
		{F80B737F-9ED0-42F5-8CC7-2B2DFDC933AC}.AppStore|x64.ActiveCfg = Debug|Any CPU
		{F80B737F-9ED0-42F5-8CC7-2B2DFDC933AC}.AppStore|x64.Build.0 = Debug|Any CPU
		{F80B737F-9ED0-42F5-8CC7-2B2DFDC933AC}.AppStore|x64.Deploy.0 = Debug|Any CPU
		{F80B737F-9ED0-42F5-8CC7-2B2DFDC933AC}.AppStore|x86.ActiveCfg = Debug|Any CPU
		{F80B737F-9ED0-42F5-8CC7-2B2DFDC933AC}.AppStore|x86.Build.0 = Debug|Any CPU
		{F80B737F-9ED0-42F5-8CC7-2B2DFDC933AC}.AppStore|x86.Deploy.0 = Debug|Any CPU
		{F80B737F-9ED0-42F5-8CC7-2B2DFDC933AC}.Debug|Any CPU.ActiveCfg = Debug|Any CPU
		{F80B737F-9ED0-42F5-8CC7-2B2DFDC933AC}.Debug|Any CPU.Build.0 = Debug|Any CPU
		{F80B737F-9ED0-42F5-8CC7-2B2DFDC933AC}.Debug|Any CPU.Deploy.0 = Debug|Any CPU
		{F80B737F-9ED0-42F5-8CC7-2B2DFDC933AC}.Debug|ARM.ActiveCfg = Debug|Any CPU
		{F80B737F-9ED0-42F5-8CC7-2B2DFDC933AC}.Debug|ARM.Build.0 = Debug|Any CPU
		{F80B737F-9ED0-42F5-8CC7-2B2DFDC933AC}.Debug|ARM.Deploy.0 = Debug|Any CPU
		{F80B737F-9ED0-42F5-8CC7-2B2DFDC933AC}.Debug|iPhone.ActiveCfg = Debug|Any CPU
		{F80B737F-9ED0-42F5-8CC7-2B2DFDC933AC}.Debug|iPhone.Build.0 = Debug|Any CPU
		{F80B737F-9ED0-42F5-8CC7-2B2DFDC933AC}.Debug|iPhone.Deploy.0 = Debug|Any CPU
		{F80B737F-9ED0-42F5-8CC7-2B2DFDC933AC}.Debug|iPhoneSimulator.ActiveCfg = Debug|Any CPU
		{F80B737F-9ED0-42F5-8CC7-2B2DFDC933AC}.Debug|iPhoneSimulator.Build.0 = Debug|Any CPU
		{F80B737F-9ED0-42F5-8CC7-2B2DFDC933AC}.Debug|iPhoneSimulator.Deploy.0 = Debug|Any CPU
		{F80B737F-9ED0-42F5-8CC7-2B2DFDC933AC}.Debug|x64.ActiveCfg = Debug|Any CPU
		{F80B737F-9ED0-42F5-8CC7-2B2DFDC933AC}.Debug|x64.Build.0 = Debug|Any CPU
		{F80B737F-9ED0-42F5-8CC7-2B2DFDC933AC}.Debug|x64.Deploy.0 = Debug|Any CPU
		{F80B737F-9ED0-42F5-8CC7-2B2DFDC933AC}.Debug|x86.ActiveCfg = Debug|Any CPU
		{F80B737F-9ED0-42F5-8CC7-2B2DFDC933AC}.Debug|x86.Build.0 = Debug|Any CPU
		{F80B737F-9ED0-42F5-8CC7-2B2DFDC933AC}.Debug|x86.Deploy.0 = Debug|Any CPU
		{F80B737F-9ED0-42F5-8CC7-2B2DFDC933AC}.Release|Any CPU.ActiveCfg = Release|Any CPU
		{F80B737F-9ED0-42F5-8CC7-2B2DFDC933AC}.Release|Any CPU.Build.0 = Release|Any CPU
		{F80B737F-9ED0-42F5-8CC7-2B2DFDC933AC}.Release|Any CPU.Deploy.0 = Release|Any CPU
		{F80B737F-9ED0-42F5-8CC7-2B2DFDC933AC}.Release|ARM.ActiveCfg = Release|Any CPU
		{F80B737F-9ED0-42F5-8CC7-2B2DFDC933AC}.Release|ARM.Build.0 = Release|Any CPU
		{F80B737F-9ED0-42F5-8CC7-2B2DFDC933AC}.Release|ARM.Deploy.0 = Release|Any CPU
		{F80B737F-9ED0-42F5-8CC7-2B2DFDC933AC}.Release|iPhone.ActiveCfg = Release|Any CPU
		{F80B737F-9ED0-42F5-8CC7-2B2DFDC933AC}.Release|iPhone.Build.0 = Release|Any CPU
		{F80B737F-9ED0-42F5-8CC7-2B2DFDC933AC}.Release|iPhone.Deploy.0 = Release|Any CPU
		{F80B737F-9ED0-42F5-8CC7-2B2DFDC933AC}.Release|iPhoneSimulator.ActiveCfg = Release|Any CPU
		{F80B737F-9ED0-42F5-8CC7-2B2DFDC933AC}.Release|iPhoneSimulator.Build.0 = Release|Any CPU
		{F80B737F-9ED0-42F5-8CC7-2B2DFDC933AC}.Release|iPhoneSimulator.Deploy.0 = Release|Any CPU
		{F80B737F-9ED0-42F5-8CC7-2B2DFDC933AC}.Release|x64.ActiveCfg = Release|Any CPU
		{F80B737F-9ED0-42F5-8CC7-2B2DFDC933AC}.Release|x64.Build.0 = Release|Any CPU
		{F80B737F-9ED0-42F5-8CC7-2B2DFDC933AC}.Release|x64.Deploy.0 = Release|Any CPU
		{F80B737F-9ED0-42F5-8CC7-2B2DFDC933AC}.Release|x86.ActiveCfg = Release|Any CPU
		{F80B737F-9ED0-42F5-8CC7-2B2DFDC933AC}.Release|x86.Build.0 = Release|Any CPU
		{F80B737F-9ED0-42F5-8CC7-2B2DFDC933AC}.Release|x86.Deploy.0 = Release|Any CPU
		{F3709344-AC6F-42E4-8D5E-4C63E0F4AE1E}.Ad-Hoc|Any CPU.ActiveCfg = Debug|Any CPU
		{F3709344-AC6F-42E4-8D5E-4C63E0F4AE1E}.Ad-Hoc|Any CPU.Build.0 = Debug|Any CPU
		{F3709344-AC6F-42E4-8D5E-4C63E0F4AE1E}.Ad-Hoc|ARM.ActiveCfg = Debug|Any CPU
		{F3709344-AC6F-42E4-8D5E-4C63E0F4AE1E}.Ad-Hoc|ARM.Build.0 = Debug|Any CPU
		{F3709344-AC6F-42E4-8D5E-4C63E0F4AE1E}.Ad-Hoc|iPhone.ActiveCfg = Debug|Any CPU
		{F3709344-AC6F-42E4-8D5E-4C63E0F4AE1E}.Ad-Hoc|iPhone.Build.0 = Debug|Any CPU
		{F3709344-AC6F-42E4-8D5E-4C63E0F4AE1E}.Ad-Hoc|iPhoneSimulator.ActiveCfg = Debug|Any CPU
		{F3709344-AC6F-42E4-8D5E-4C63E0F4AE1E}.Ad-Hoc|iPhoneSimulator.Build.0 = Debug|Any CPU
		{F3709344-AC6F-42E4-8D5E-4C63E0F4AE1E}.Ad-Hoc|x64.ActiveCfg = Debug|Any CPU
		{F3709344-AC6F-42E4-8D5E-4C63E0F4AE1E}.Ad-Hoc|x64.Build.0 = Debug|Any CPU
		{F3709344-AC6F-42E4-8D5E-4C63E0F4AE1E}.Ad-Hoc|x86.ActiveCfg = Debug|Any CPU
		{F3709344-AC6F-42E4-8D5E-4C63E0F4AE1E}.Ad-Hoc|x86.Build.0 = Debug|Any CPU
		{F3709344-AC6F-42E4-8D5E-4C63E0F4AE1E}.AppStore|Any CPU.ActiveCfg = Debug|Any CPU
		{F3709344-AC6F-42E4-8D5E-4C63E0F4AE1E}.AppStore|Any CPU.Build.0 = Debug|Any CPU
		{F3709344-AC6F-42E4-8D5E-4C63E0F4AE1E}.AppStore|ARM.ActiveCfg = Debug|Any CPU
		{F3709344-AC6F-42E4-8D5E-4C63E0F4AE1E}.AppStore|ARM.Build.0 = Debug|Any CPU
		{F3709344-AC6F-42E4-8D5E-4C63E0F4AE1E}.AppStore|iPhone.ActiveCfg = Debug|Any CPU
		{F3709344-AC6F-42E4-8D5E-4C63E0F4AE1E}.AppStore|iPhone.Build.0 = Debug|Any CPU
		{F3709344-AC6F-42E4-8D5E-4C63E0F4AE1E}.AppStore|iPhoneSimulator.ActiveCfg = Debug|Any CPU
		{F3709344-AC6F-42E4-8D5E-4C63E0F4AE1E}.AppStore|iPhoneSimulator.Build.0 = Debug|Any CPU
		{F3709344-AC6F-42E4-8D5E-4C63E0F4AE1E}.AppStore|x64.ActiveCfg = Debug|Any CPU
		{F3709344-AC6F-42E4-8D5E-4C63E0F4AE1E}.AppStore|x64.Build.0 = Debug|Any CPU
		{F3709344-AC6F-42E4-8D5E-4C63E0F4AE1E}.AppStore|x86.ActiveCfg = Debug|Any CPU
		{F3709344-AC6F-42E4-8D5E-4C63E0F4AE1E}.AppStore|x86.Build.0 = Debug|Any CPU
		{F3709344-AC6F-42E4-8D5E-4C63E0F4AE1E}.Debug|Any CPU.ActiveCfg = Debug|Any CPU
		{F3709344-AC6F-42E4-8D5E-4C63E0F4AE1E}.Debug|Any CPU.Build.0 = Debug|Any CPU
		{F3709344-AC6F-42E4-8D5E-4C63E0F4AE1E}.Debug|ARM.ActiveCfg = Debug|Any CPU
		{F3709344-AC6F-42E4-8D5E-4C63E0F4AE1E}.Debug|ARM.Build.0 = Debug|Any CPU
		{F3709344-AC6F-42E4-8D5E-4C63E0F4AE1E}.Debug|iPhone.ActiveCfg = Debug|Any CPU
		{F3709344-AC6F-42E4-8D5E-4C63E0F4AE1E}.Debug|iPhone.Build.0 = Debug|Any CPU
		{F3709344-AC6F-42E4-8D5E-4C63E0F4AE1E}.Debug|iPhoneSimulator.ActiveCfg = Debug|Any CPU
		{F3709344-AC6F-42E4-8D5E-4C63E0F4AE1E}.Debug|iPhoneSimulator.Build.0 = Debug|Any CPU
		{F3709344-AC6F-42E4-8D5E-4C63E0F4AE1E}.Debug|x64.ActiveCfg = Debug|Any CPU
		{F3709344-AC6F-42E4-8D5E-4C63E0F4AE1E}.Debug|x64.Build.0 = Debug|Any CPU
		{F3709344-AC6F-42E4-8D5E-4C63E0F4AE1E}.Debug|x86.ActiveCfg = Debug|Any CPU
		{F3709344-AC6F-42E4-8D5E-4C63E0F4AE1E}.Debug|x86.Build.0 = Debug|Any CPU
		{F3709344-AC6F-42E4-8D5E-4C63E0F4AE1E}.Release|Any CPU.ActiveCfg = Release|Any CPU
		{F3709344-AC6F-42E4-8D5E-4C63E0F4AE1E}.Release|Any CPU.Build.0 = Release|Any CPU
		{F3709344-AC6F-42E4-8D5E-4C63E0F4AE1E}.Release|ARM.ActiveCfg = Release|Any CPU
		{F3709344-AC6F-42E4-8D5E-4C63E0F4AE1E}.Release|ARM.Build.0 = Release|Any CPU
		{F3709344-AC6F-42E4-8D5E-4C63E0F4AE1E}.Release|iPhone.ActiveCfg = Release|Any CPU
		{F3709344-AC6F-42E4-8D5E-4C63E0F4AE1E}.Release|iPhone.Build.0 = Release|Any CPU
		{F3709344-AC6F-42E4-8D5E-4C63E0F4AE1E}.Release|iPhoneSimulator.ActiveCfg = Release|Any CPU
		{F3709344-AC6F-42E4-8D5E-4C63E0F4AE1E}.Release|iPhoneSimulator.Build.0 = Release|Any CPU
		{F3709344-AC6F-42E4-8D5E-4C63E0F4AE1E}.Release|x64.ActiveCfg = Release|Any CPU
		{F3709344-AC6F-42E4-8D5E-4C63E0F4AE1E}.Release|x64.Build.0 = Release|Any CPU
		{F3709344-AC6F-42E4-8D5E-4C63E0F4AE1E}.Release|x86.ActiveCfg = Release|Any CPU
		{F3709344-AC6F-42E4-8D5E-4C63E0F4AE1E}.Release|x86.Build.0 = Release|Any CPU
		{B19C892E-2628-4CA7-AD27-08D406A3B14B}.Ad-Hoc|Any CPU.ActiveCfg = Release|Any CPU
		{B19C892E-2628-4CA7-AD27-08D406A3B14B}.Ad-Hoc|Any CPU.Build.0 = Release|Any CPU
		{B19C892E-2628-4CA7-AD27-08D406A3B14B}.Ad-Hoc|ARM.ActiveCfg = Release|Any CPU
		{B19C892E-2628-4CA7-AD27-08D406A3B14B}.Ad-Hoc|ARM.Build.0 = Release|Any CPU
		{B19C892E-2628-4CA7-AD27-08D406A3B14B}.Ad-Hoc|iPhone.ActiveCfg = Release|Any CPU
		{B19C892E-2628-4CA7-AD27-08D406A3B14B}.Ad-Hoc|iPhone.Build.0 = Release|Any CPU
		{B19C892E-2628-4CA7-AD27-08D406A3B14B}.Ad-Hoc|iPhoneSimulator.ActiveCfg = Release|Any CPU
		{B19C892E-2628-4CA7-AD27-08D406A3B14B}.Ad-Hoc|iPhoneSimulator.Build.0 = Release|Any CPU
		{B19C892E-2628-4CA7-AD27-08D406A3B14B}.Ad-Hoc|x64.ActiveCfg = Release|Any CPU
		{B19C892E-2628-4CA7-AD27-08D406A3B14B}.Ad-Hoc|x64.Build.0 = Release|Any CPU
		{B19C892E-2628-4CA7-AD27-08D406A3B14B}.Ad-Hoc|x86.ActiveCfg = Release|Any CPU
		{B19C892E-2628-4CA7-AD27-08D406A3B14B}.Ad-Hoc|x86.Build.0 = Release|Any CPU
		{B19C892E-2628-4CA7-AD27-08D406A3B14B}.AppStore|Any CPU.ActiveCfg = Release|Any CPU
		{B19C892E-2628-4CA7-AD27-08D406A3B14B}.AppStore|Any CPU.Build.0 = Release|Any CPU
		{B19C892E-2628-4CA7-AD27-08D406A3B14B}.AppStore|ARM.ActiveCfg = Release|Any CPU
		{B19C892E-2628-4CA7-AD27-08D406A3B14B}.AppStore|ARM.Build.0 = Release|Any CPU
		{B19C892E-2628-4CA7-AD27-08D406A3B14B}.AppStore|iPhone.ActiveCfg = Release|Any CPU
		{B19C892E-2628-4CA7-AD27-08D406A3B14B}.AppStore|iPhone.Build.0 = Release|Any CPU
		{B19C892E-2628-4CA7-AD27-08D406A3B14B}.AppStore|iPhoneSimulator.ActiveCfg = Release|Any CPU
		{B19C892E-2628-4CA7-AD27-08D406A3B14B}.AppStore|iPhoneSimulator.Build.0 = Release|Any CPU
		{B19C892E-2628-4CA7-AD27-08D406A3B14B}.AppStore|x64.ActiveCfg = Release|Any CPU
		{B19C892E-2628-4CA7-AD27-08D406A3B14B}.AppStore|x64.Build.0 = Release|Any CPU
		{B19C892E-2628-4CA7-AD27-08D406A3B14B}.AppStore|x86.ActiveCfg = Release|Any CPU
		{B19C892E-2628-4CA7-AD27-08D406A3B14B}.AppStore|x86.Build.0 = Release|Any CPU
		{B19C892E-2628-4CA7-AD27-08D406A3B14B}.Debug|Any CPU.ActiveCfg = Debug|Any CPU
		{B19C892E-2628-4CA7-AD27-08D406A3B14B}.Debug|Any CPU.Build.0 = Debug|Any CPU
		{B19C892E-2628-4CA7-AD27-08D406A3B14B}.Debug|ARM.ActiveCfg = Debug|Any CPU
		{B19C892E-2628-4CA7-AD27-08D406A3B14B}.Debug|ARM.Build.0 = Debug|Any CPU
		{B19C892E-2628-4CA7-AD27-08D406A3B14B}.Debug|iPhone.ActiveCfg = Debug|Any CPU
		{B19C892E-2628-4CA7-AD27-08D406A3B14B}.Debug|iPhone.Build.0 = Debug|Any CPU
		{B19C892E-2628-4CA7-AD27-08D406A3B14B}.Debug|iPhoneSimulator.ActiveCfg = Debug|Any CPU
		{B19C892E-2628-4CA7-AD27-08D406A3B14B}.Debug|iPhoneSimulator.Build.0 = Debug|Any CPU
		{B19C892E-2628-4CA7-AD27-08D406A3B14B}.Debug|x64.ActiveCfg = Debug|Any CPU
		{B19C892E-2628-4CA7-AD27-08D406A3B14B}.Debug|x64.Build.0 = Debug|Any CPU
		{B19C892E-2628-4CA7-AD27-08D406A3B14B}.Debug|x86.ActiveCfg = Debug|Any CPU
		{B19C892E-2628-4CA7-AD27-08D406A3B14B}.Debug|x86.Build.0 = Debug|Any CPU
		{B19C892E-2628-4CA7-AD27-08D406A3B14B}.Release|Any CPU.ActiveCfg = Release|Any CPU
		{B19C892E-2628-4CA7-AD27-08D406A3B14B}.Release|Any CPU.Build.0 = Release|Any CPU
		{B19C892E-2628-4CA7-AD27-08D406A3B14B}.Release|ARM.ActiveCfg = Release|Any CPU
		{B19C892E-2628-4CA7-AD27-08D406A3B14B}.Release|ARM.Build.0 = Release|Any CPU
		{B19C892E-2628-4CA7-AD27-08D406A3B14B}.Release|iPhone.ActiveCfg = Release|Any CPU
		{B19C892E-2628-4CA7-AD27-08D406A3B14B}.Release|iPhone.Build.0 = Release|Any CPU
		{B19C892E-2628-4CA7-AD27-08D406A3B14B}.Release|iPhoneSimulator.ActiveCfg = Release|Any CPU
		{B19C892E-2628-4CA7-AD27-08D406A3B14B}.Release|iPhoneSimulator.Build.0 = Release|Any CPU
		{B19C892E-2628-4CA7-AD27-08D406A3B14B}.Release|x64.ActiveCfg = Release|Any CPU
		{B19C892E-2628-4CA7-AD27-08D406A3B14B}.Release|x64.Build.0 = Release|Any CPU
		{B19C892E-2628-4CA7-AD27-08D406A3B14B}.Release|x86.ActiveCfg = Release|Any CPU
		{B19C892E-2628-4CA7-AD27-08D406A3B14B}.Release|x86.Build.0 = Release|Any CPU
		{84C16385-6005-4C0C-AC3F-EBA883F4B8EA}.Ad-Hoc|Any CPU.ActiveCfg = Debug|Any CPU
		{84C16385-6005-4C0C-AC3F-EBA883F4B8EA}.Ad-Hoc|Any CPU.Build.0 = Debug|Any CPU
		{84C16385-6005-4C0C-AC3F-EBA883F4B8EA}.Ad-Hoc|ARM.ActiveCfg = Debug|Any CPU
		{84C16385-6005-4C0C-AC3F-EBA883F4B8EA}.Ad-Hoc|ARM.Build.0 = Debug|Any CPU
		{84C16385-6005-4C0C-AC3F-EBA883F4B8EA}.Ad-Hoc|iPhone.ActiveCfg = Debug|Any CPU
		{84C16385-6005-4C0C-AC3F-EBA883F4B8EA}.Ad-Hoc|iPhone.Build.0 = Debug|Any CPU
		{84C16385-6005-4C0C-AC3F-EBA883F4B8EA}.Ad-Hoc|iPhoneSimulator.ActiveCfg = Debug|Any CPU
		{84C16385-6005-4C0C-AC3F-EBA883F4B8EA}.Ad-Hoc|iPhoneSimulator.Build.0 = Debug|Any CPU
		{84C16385-6005-4C0C-AC3F-EBA883F4B8EA}.Ad-Hoc|x64.ActiveCfg = Debug|Any CPU
		{84C16385-6005-4C0C-AC3F-EBA883F4B8EA}.Ad-Hoc|x64.Build.0 = Debug|Any CPU
		{84C16385-6005-4C0C-AC3F-EBA883F4B8EA}.Ad-Hoc|x86.ActiveCfg = Debug|Any CPU
		{84C16385-6005-4C0C-AC3F-EBA883F4B8EA}.Ad-Hoc|x86.Build.0 = Debug|Any CPU
		{84C16385-6005-4C0C-AC3F-EBA883F4B8EA}.AppStore|Any CPU.ActiveCfg = Debug|Any CPU
		{84C16385-6005-4C0C-AC3F-EBA883F4B8EA}.AppStore|Any CPU.Build.0 = Debug|Any CPU
		{84C16385-6005-4C0C-AC3F-EBA883F4B8EA}.AppStore|ARM.ActiveCfg = Debug|Any CPU
		{84C16385-6005-4C0C-AC3F-EBA883F4B8EA}.AppStore|ARM.Build.0 = Debug|Any CPU
		{84C16385-6005-4C0C-AC3F-EBA883F4B8EA}.AppStore|iPhone.ActiveCfg = Debug|Any CPU
		{84C16385-6005-4C0C-AC3F-EBA883F4B8EA}.AppStore|iPhone.Build.0 = Debug|Any CPU
		{84C16385-6005-4C0C-AC3F-EBA883F4B8EA}.AppStore|iPhoneSimulator.ActiveCfg = Debug|Any CPU
		{84C16385-6005-4C0C-AC3F-EBA883F4B8EA}.AppStore|iPhoneSimulator.Build.0 = Debug|Any CPU
		{84C16385-6005-4C0C-AC3F-EBA883F4B8EA}.AppStore|x64.ActiveCfg = Debug|Any CPU
		{84C16385-6005-4C0C-AC3F-EBA883F4B8EA}.AppStore|x64.Build.0 = Debug|Any CPU
		{84C16385-6005-4C0C-AC3F-EBA883F4B8EA}.AppStore|x86.ActiveCfg = Debug|Any CPU
		{84C16385-6005-4C0C-AC3F-EBA883F4B8EA}.AppStore|x86.Build.0 = Debug|Any CPU
		{84C16385-6005-4C0C-AC3F-EBA883F4B8EA}.Debug|Any CPU.ActiveCfg = Debug|Any CPU
		{84C16385-6005-4C0C-AC3F-EBA883F4B8EA}.Debug|Any CPU.Build.0 = Debug|Any CPU
		{84C16385-6005-4C0C-AC3F-EBA883F4B8EA}.Debug|ARM.ActiveCfg = Debug|Any CPU
		{84C16385-6005-4C0C-AC3F-EBA883F4B8EA}.Debug|ARM.Build.0 = Debug|Any CPU
		{84C16385-6005-4C0C-AC3F-EBA883F4B8EA}.Debug|iPhone.ActiveCfg = Debug|Any CPU
		{84C16385-6005-4C0C-AC3F-EBA883F4B8EA}.Debug|iPhone.Build.0 = Debug|Any CPU
		{84C16385-6005-4C0C-AC3F-EBA883F4B8EA}.Debug|iPhoneSimulator.ActiveCfg = Debug|Any CPU
		{84C16385-6005-4C0C-AC3F-EBA883F4B8EA}.Debug|iPhoneSimulator.Build.0 = Debug|Any CPU
		{84C16385-6005-4C0C-AC3F-EBA883F4B8EA}.Debug|x64.ActiveCfg = Debug|Any CPU
		{84C16385-6005-4C0C-AC3F-EBA883F4B8EA}.Debug|x64.Build.0 = Debug|Any CPU
		{84C16385-6005-4C0C-AC3F-EBA883F4B8EA}.Debug|x86.ActiveCfg = Debug|Any CPU
		{84C16385-6005-4C0C-AC3F-EBA883F4B8EA}.Debug|x86.Build.0 = Debug|Any CPU
		{84C16385-6005-4C0C-AC3F-EBA883F4B8EA}.Release|Any CPU.ActiveCfg = Release|Any CPU
		{84C16385-6005-4C0C-AC3F-EBA883F4B8EA}.Release|Any CPU.Build.0 = Release|Any CPU
		{84C16385-6005-4C0C-AC3F-EBA883F4B8EA}.Release|ARM.ActiveCfg = Release|Any CPU
		{84C16385-6005-4C0C-AC3F-EBA883F4B8EA}.Release|ARM.Build.0 = Release|Any CPU
		{84C16385-6005-4C0C-AC3F-EBA883F4B8EA}.Release|iPhone.ActiveCfg = Release|Any CPU
		{84C16385-6005-4C0C-AC3F-EBA883F4B8EA}.Release|iPhone.Build.0 = Release|Any CPU
		{84C16385-6005-4C0C-AC3F-EBA883F4B8EA}.Release|iPhoneSimulator.ActiveCfg = Release|Any CPU
		{84C16385-6005-4C0C-AC3F-EBA883F4B8EA}.Release|iPhoneSimulator.Build.0 = Release|Any CPU
		{84C16385-6005-4C0C-AC3F-EBA883F4B8EA}.Release|x64.ActiveCfg = Release|Any CPU
		{84C16385-6005-4C0C-AC3F-EBA883F4B8EA}.Release|x64.Build.0 = Release|Any CPU
		{84C16385-6005-4C0C-AC3F-EBA883F4B8EA}.Release|x86.ActiveCfg = Release|Any CPU
		{84C16385-6005-4C0C-AC3F-EBA883F4B8EA}.Release|x86.Build.0 = Release|Any CPU
		{03C6D6FB-DDF7-4C2E-AB32-0A593D0E46C3}.Ad-Hoc|Any CPU.ActiveCfg = Debug|Any CPU
		{03C6D6FB-DDF7-4C2E-AB32-0A593D0E46C3}.Ad-Hoc|Any CPU.Build.0 = Debug|Any CPU
		{03C6D6FB-DDF7-4C2E-AB32-0A593D0E46C3}.Ad-Hoc|ARM.ActiveCfg = Debug|Any CPU
		{03C6D6FB-DDF7-4C2E-AB32-0A593D0E46C3}.Ad-Hoc|ARM.Build.0 = Debug|Any CPU
		{03C6D6FB-DDF7-4C2E-AB32-0A593D0E46C3}.Ad-Hoc|iPhone.ActiveCfg = Debug|Any CPU
		{03C6D6FB-DDF7-4C2E-AB32-0A593D0E46C3}.Ad-Hoc|iPhone.Build.0 = Debug|Any CPU
		{03C6D6FB-DDF7-4C2E-AB32-0A593D0E46C3}.Ad-Hoc|iPhoneSimulator.ActiveCfg = Debug|Any CPU
		{03C6D6FB-DDF7-4C2E-AB32-0A593D0E46C3}.Ad-Hoc|iPhoneSimulator.Build.0 = Debug|Any CPU
		{03C6D6FB-DDF7-4C2E-AB32-0A593D0E46C3}.Ad-Hoc|x64.ActiveCfg = Debug|Any CPU
		{03C6D6FB-DDF7-4C2E-AB32-0A593D0E46C3}.Ad-Hoc|x64.Build.0 = Debug|Any CPU
		{03C6D6FB-DDF7-4C2E-AB32-0A593D0E46C3}.Ad-Hoc|x86.ActiveCfg = Debug|Any CPU
		{03C6D6FB-DDF7-4C2E-AB32-0A593D0E46C3}.Ad-Hoc|x86.Build.0 = Debug|Any CPU
		{03C6D6FB-DDF7-4C2E-AB32-0A593D0E46C3}.AppStore|Any CPU.ActiveCfg = Debug|Any CPU
		{03C6D6FB-DDF7-4C2E-AB32-0A593D0E46C3}.AppStore|Any CPU.Build.0 = Debug|Any CPU
		{03C6D6FB-DDF7-4C2E-AB32-0A593D0E46C3}.AppStore|ARM.ActiveCfg = Debug|Any CPU
		{03C6D6FB-DDF7-4C2E-AB32-0A593D0E46C3}.AppStore|ARM.Build.0 = Debug|Any CPU
		{03C6D6FB-DDF7-4C2E-AB32-0A593D0E46C3}.AppStore|iPhone.ActiveCfg = Debug|Any CPU
		{03C6D6FB-DDF7-4C2E-AB32-0A593D0E46C3}.AppStore|iPhone.Build.0 = Debug|Any CPU
		{03C6D6FB-DDF7-4C2E-AB32-0A593D0E46C3}.AppStore|iPhoneSimulator.ActiveCfg = Debug|Any CPU
		{03C6D6FB-DDF7-4C2E-AB32-0A593D0E46C3}.AppStore|iPhoneSimulator.Build.0 = Debug|Any CPU
		{03C6D6FB-DDF7-4C2E-AB32-0A593D0E46C3}.AppStore|x64.ActiveCfg = Debug|Any CPU
		{03C6D6FB-DDF7-4C2E-AB32-0A593D0E46C3}.AppStore|x64.Build.0 = Debug|Any CPU
		{03C6D6FB-DDF7-4C2E-AB32-0A593D0E46C3}.AppStore|x86.ActiveCfg = Debug|Any CPU
		{03C6D6FB-DDF7-4C2E-AB32-0A593D0E46C3}.AppStore|x86.Build.0 = Debug|Any CPU
		{03C6D6FB-DDF7-4C2E-AB32-0A593D0E46C3}.Debug|Any CPU.ActiveCfg = Debug|Any CPU
		{03C6D6FB-DDF7-4C2E-AB32-0A593D0E46C3}.Debug|Any CPU.Build.0 = Debug|Any CPU
		{03C6D6FB-DDF7-4C2E-AB32-0A593D0E46C3}.Debug|ARM.ActiveCfg = Debug|Any CPU
		{03C6D6FB-DDF7-4C2E-AB32-0A593D0E46C3}.Debug|ARM.Build.0 = Debug|Any CPU
		{03C6D6FB-DDF7-4C2E-AB32-0A593D0E46C3}.Debug|iPhone.ActiveCfg = Debug|Any CPU
		{03C6D6FB-DDF7-4C2E-AB32-0A593D0E46C3}.Debug|iPhone.Build.0 = Debug|Any CPU
		{03C6D6FB-DDF7-4C2E-AB32-0A593D0E46C3}.Debug|iPhoneSimulator.ActiveCfg = Debug|Any CPU
		{03C6D6FB-DDF7-4C2E-AB32-0A593D0E46C3}.Debug|iPhoneSimulator.Build.0 = Debug|Any CPU
		{03C6D6FB-DDF7-4C2E-AB32-0A593D0E46C3}.Debug|x64.ActiveCfg = Debug|Any CPU
		{03C6D6FB-DDF7-4C2E-AB32-0A593D0E46C3}.Debug|x64.Build.0 = Debug|Any CPU
		{03C6D6FB-DDF7-4C2E-AB32-0A593D0E46C3}.Debug|x86.ActiveCfg = Debug|Any CPU
		{03C6D6FB-DDF7-4C2E-AB32-0A593D0E46C3}.Debug|x86.Build.0 = Debug|Any CPU
		{03C6D6FB-DDF7-4C2E-AB32-0A593D0E46C3}.Release|Any CPU.ActiveCfg = Release|Any CPU
		{03C6D6FB-DDF7-4C2E-AB32-0A593D0E46C3}.Release|Any CPU.Build.0 = Release|Any CPU
		{03C6D6FB-DDF7-4C2E-AB32-0A593D0E46C3}.Release|ARM.ActiveCfg = Release|Any CPU
		{03C6D6FB-DDF7-4C2E-AB32-0A593D0E46C3}.Release|ARM.Build.0 = Release|Any CPU
		{03C6D6FB-DDF7-4C2E-AB32-0A593D0E46C3}.Release|iPhone.ActiveCfg = Release|Any CPU
		{03C6D6FB-DDF7-4C2E-AB32-0A593D0E46C3}.Release|iPhone.Build.0 = Release|Any CPU
		{03C6D6FB-DDF7-4C2E-AB32-0A593D0E46C3}.Release|iPhoneSimulator.ActiveCfg = Release|Any CPU
		{03C6D6FB-DDF7-4C2E-AB32-0A593D0E46C3}.Release|iPhoneSimulator.Build.0 = Release|Any CPU
		{03C6D6FB-DDF7-4C2E-AB32-0A593D0E46C3}.Release|x64.ActiveCfg = Release|Any CPU
		{03C6D6FB-DDF7-4C2E-AB32-0A593D0E46C3}.Release|x64.Build.0 = Release|Any CPU
		{03C6D6FB-DDF7-4C2E-AB32-0A593D0E46C3}.Release|x86.ActiveCfg = Release|Any CPU
		{03C6D6FB-DDF7-4C2E-AB32-0A593D0E46C3}.Release|x86.Build.0 = Release|Any CPU
		{80676A2A-00C5-4758-91D2-666764312A5A}.Ad-Hoc|Any CPU.ActiveCfg = Release|Any CPU
		{80676A2A-00C5-4758-91D2-666764312A5A}.Ad-Hoc|Any CPU.Build.0 = Release|Any CPU
		{80676A2A-00C5-4758-91D2-666764312A5A}.Ad-Hoc|ARM.ActiveCfg = Release|Any CPU
		{80676A2A-00C5-4758-91D2-666764312A5A}.Ad-Hoc|ARM.Build.0 = Release|Any CPU
		{80676A2A-00C5-4758-91D2-666764312A5A}.Ad-Hoc|iPhone.ActiveCfg = Release|Any CPU
		{80676A2A-00C5-4758-91D2-666764312A5A}.Ad-Hoc|iPhone.Build.0 = Release|Any CPU
		{80676A2A-00C5-4758-91D2-666764312A5A}.Ad-Hoc|iPhoneSimulator.ActiveCfg = Release|Any CPU
		{80676A2A-00C5-4758-91D2-666764312A5A}.Ad-Hoc|iPhoneSimulator.Build.0 = Release|Any CPU
		{80676A2A-00C5-4758-91D2-666764312A5A}.Ad-Hoc|x64.ActiveCfg = Release|Any CPU
		{80676A2A-00C5-4758-91D2-666764312A5A}.Ad-Hoc|x64.Build.0 = Release|Any CPU
		{80676A2A-00C5-4758-91D2-666764312A5A}.Ad-Hoc|x86.ActiveCfg = Release|Any CPU
		{80676A2A-00C5-4758-91D2-666764312A5A}.Ad-Hoc|x86.Build.0 = Release|Any CPU
		{80676A2A-00C5-4758-91D2-666764312A5A}.AppStore|Any CPU.ActiveCfg = Release|Any CPU
		{80676A2A-00C5-4758-91D2-666764312A5A}.AppStore|Any CPU.Build.0 = Release|Any CPU
		{80676A2A-00C5-4758-91D2-666764312A5A}.AppStore|ARM.ActiveCfg = Release|Any CPU
		{80676A2A-00C5-4758-91D2-666764312A5A}.AppStore|ARM.Build.0 = Release|Any CPU
		{80676A2A-00C5-4758-91D2-666764312A5A}.AppStore|iPhone.ActiveCfg = Release|Any CPU
		{80676A2A-00C5-4758-91D2-666764312A5A}.AppStore|iPhone.Build.0 = Release|Any CPU
		{80676A2A-00C5-4758-91D2-666764312A5A}.AppStore|iPhoneSimulator.ActiveCfg = Release|Any CPU
		{80676A2A-00C5-4758-91D2-666764312A5A}.AppStore|iPhoneSimulator.Build.0 = Release|Any CPU
		{80676A2A-00C5-4758-91D2-666764312A5A}.AppStore|x64.ActiveCfg = Release|Any CPU
		{80676A2A-00C5-4758-91D2-666764312A5A}.AppStore|x64.Build.0 = Release|Any CPU
		{80676A2A-00C5-4758-91D2-666764312A5A}.AppStore|x86.ActiveCfg = Release|Any CPU
		{80676A2A-00C5-4758-91D2-666764312A5A}.AppStore|x86.Build.0 = Release|Any CPU
		{80676A2A-00C5-4758-91D2-666764312A5A}.Debug|Any CPU.ActiveCfg = Debug|Any CPU
		{80676A2A-00C5-4758-91D2-666764312A5A}.Debug|Any CPU.Build.0 = Debug|Any CPU
		{80676A2A-00C5-4758-91D2-666764312A5A}.Debug|ARM.ActiveCfg = Debug|Any CPU
		{80676A2A-00C5-4758-91D2-666764312A5A}.Debug|ARM.Build.0 = Debug|Any CPU
		{80676A2A-00C5-4758-91D2-666764312A5A}.Debug|iPhone.ActiveCfg = Debug|Any CPU
		{80676A2A-00C5-4758-91D2-666764312A5A}.Debug|iPhone.Build.0 = Debug|Any CPU
		{80676A2A-00C5-4758-91D2-666764312A5A}.Debug|iPhoneSimulator.ActiveCfg = Debug|Any CPU
		{80676A2A-00C5-4758-91D2-666764312A5A}.Debug|iPhoneSimulator.Build.0 = Debug|Any CPU
		{80676A2A-00C5-4758-91D2-666764312A5A}.Debug|x64.ActiveCfg = Debug|Any CPU
		{80676A2A-00C5-4758-91D2-666764312A5A}.Debug|x64.Build.0 = Debug|Any CPU
		{80676A2A-00C5-4758-91D2-666764312A5A}.Debug|x86.ActiveCfg = Debug|Any CPU
		{80676A2A-00C5-4758-91D2-666764312A5A}.Debug|x86.Build.0 = Debug|Any CPU
		{80676A2A-00C5-4758-91D2-666764312A5A}.Release|Any CPU.ActiveCfg = Release|Any CPU
		{80676A2A-00C5-4758-91D2-666764312A5A}.Release|Any CPU.Build.0 = Release|Any CPU
		{80676A2A-00C5-4758-91D2-666764312A5A}.Release|ARM.ActiveCfg = Release|Any CPU
		{80676A2A-00C5-4758-91D2-666764312A5A}.Release|ARM.Build.0 = Release|Any CPU
		{80676A2A-00C5-4758-91D2-666764312A5A}.Release|iPhone.ActiveCfg = Release|Any CPU
		{80676A2A-00C5-4758-91D2-666764312A5A}.Release|iPhone.Build.0 = Release|Any CPU
		{80676A2A-00C5-4758-91D2-666764312A5A}.Release|iPhoneSimulator.ActiveCfg = Release|Any CPU
		{80676A2A-00C5-4758-91D2-666764312A5A}.Release|iPhoneSimulator.Build.0 = Release|Any CPU
		{80676A2A-00C5-4758-91D2-666764312A5A}.Release|x64.ActiveCfg = Release|Any CPU
		{80676A2A-00C5-4758-91D2-666764312A5A}.Release|x64.Build.0 = Release|Any CPU
		{80676A2A-00C5-4758-91D2-666764312A5A}.Release|x86.ActiveCfg = Release|Any CPU
		{80676A2A-00C5-4758-91D2-666764312A5A}.Release|x86.Build.0 = Release|Any CPU
	EndGlobalSection
	GlobalSection(SolutionProperties) = preSolution
		HideSolutionNode = FALSE
	EndGlobalSection
	GlobalSection(ExtensibilityGlobals) = postSolution
		SolutionGuid = {F9B05D99-6072-477D-AD14-E24995533B5A}
	EndGlobalSection
EndGlobal
